Microsoft Visual Studio Solution File, Format Version 1.00
Project("{66355F20-A65B-11D0-BFB5-00A0C91EBFA0}") = "Vjacct", "Vjacct.vjp", "{3B0757E7-0E42-11D3-A5EB-00C04F79B3EA}"
EndProject
Global
	GlobalSection(LocalDeployment) = postSolution
		StartupProject = {3B0757E7-0E42-11D3-A5EB-00C04F79B3EA}
	EndGlobalSection
	GlobalSection(BuildOrder) = postSolution
		0 = {3B0757E7-0E42-11D3-A5EB-00C04F79B3EA}
	EndGlobalSection
	GlobalSection(DeploymentRoot) = postSolution
	EndGlobalSection
EndGlobal
