Microsoft Visual Studio Solution File, Format Version 1.00
Project("{66355F20-A65B-11D0-BFB5-00A0C91EBFA0}") = "VJSecuritySample", "VJSecuritySample.vjp", "{4C4E1005-A691-11D2-8F24-00C04F79D77B}"
EndProject
Global
	GlobalSection(LocalDeployment) = postSolution
		StartupProject = {4C4E1005-A691-11D2-8F24-00C04F79D77B}
	EndGlobalSection
	GlobalSection(BuildOrder) = postSolution
		0 = {4C4E1005-A691-11D2-8F24-00C04F79D77B}
	EndGlobalSection
	GlobalSection(DeploymentRoot) = postSolution
	EndGlobalSection
EndGlobal
